
Microsoft Visual Studio Solution File, Format Version 12.00
# Visual Studio Version 17
VisualStudioVersion = 17.0.31903.59
MinimumVisualStudioVersion = 10.0.40219.1
Project("{2150E333-8FDC-42A3-9474-1A3956D46DE8}") = "DataLayer", "DataLayer", "{317894B3-B2A5-3091-4D7A-C70566F7DE70}"
EndProject
Project("{FAE04EC0-301F-11D3-BF4B-00C04F79EFBC}") = "StoreApp.Dal", "DataLayer\StoreApp.Dal\StoreApp.Dal.csproj", "{03768270-9C05-47A5-B62C-B4F430113EE4}"
EndProject
Project("{FAE04EC0-301F-11D3-BF4B-00C04F79EFBC}") = "StoreApp.DalSQL", "DataLayer\StoreApp.DalSQL\StoreApp.DalSQL.csproj", "{01E4123E-A4BF-40F7-BDE1-C7CE4C44F3D8}"
EndProject
Project("{2150E333-8FDC-42A3-9474-1A3956D46DE8}") = "BusinessLayer", "BusinessLayer", "{ED613771-E936-BDCB-E208-78A56B760E76}"
EndProject
Project("{FAE04EC0-301F-11D3-BF4B-00C04F79EFBC}") = "StoreApp.Models", "BusinessLayer\StoreApp.Models\StoreApp.Models.csproj", "{62D21F8A-0377-416A-8BC1-6AA6ADBD2B66}"
EndProject
Project("{FAE04EC0-301F-11D3-BF4B-00C04F79EFBC}") = "StoreApp.Persister", "BusinessLayer\StoreApp.Persister\StoreApp.Persister.csproj", "{D4048E68-1D16-40EA-BCC8-ABFE503DBED4}"
EndProject
Project("{2150E333-8FDC-42A3-9474-1A3956D46DE8}") = "WebAPI", "WebAPI", "{6EDC7094-E22D-CF10-605B-B42C7FB8B0A8}"
EndProject
Project("{FAE04EC0-301F-11D3-BF4B-00C04F79EFBC}") = "StoreApp.WebAPI", "WebAPI\StoreApp.WebAPI\StoreApp.WebAPI.csproj", "{101EDBFA-E00B-4E95-A007-06B77A4F1ACE}"
EndProject
Project("{2150E333-8FDC-42A3-9474-1A3956D46DE8}") = "UI", "UI", "{02EA681E-C7D8-13C7-8484-4AC65E1B71E8}"
EndProject
Project("{FAE04EC0-301F-11D3-BF4B-00C04F79EFBC}") = "StoreApp.MVCUI", "UI\StoreApp.MVCUI\StoreApp.MVCUI.csproj", "{2261B7E1-22B8-409A-A420-9906E09891EB}"
EndProject
Project("{2150E333-8FDC-42A3-9474-1A3956D46DE8}") = "HttpHandler", "HttpHandler", "{13FEC6B9-0A02-4969-BA9A-69D80081E98A}"
EndProject
Project("{FAE04EC0-301F-11D3-BF4B-00C04F79EFBC}") = "StoreApp.HttpHandler", "HttpHandler\StoreApp.HttpHandler\StoreApp.HttpHandler.csproj", "{3DB7AFAD-BF69-4B9D-AF93-D7EED08623E9}"
EndProject
Project("{FAE04EC0-301F-11D3-BF4B-00C04F79EFBC}") = "StoreApp.WPF", "UI\StoreApp.WPF\StoreApp.WPF.csproj", "{CB2CFC47-F835-4612-AD8C-82C7519D1073}"
EndProject
Global
	GlobalSection(SolutionConfigurationPlatforms) = preSolution
		Debug|Any CPU = Debug|Any CPU
		Debug|x64 = Debug|x64
		Debug|x86 = Debug|x86
		Release|Any CPU = Release|Any CPU
		Release|x64 = Release|x64
		Release|x86 = Release|x86
	EndGlobalSection
	GlobalSection(ProjectConfigurationPlatforms) = postSolution
		{03768270-9C05-47A5-B62C-B4F430113EE4}.Debug|Any CPU.ActiveCfg = Debug|Any CPU
		{03768270-9C05-47A5-B62C-B4F430113EE4}.Debug|Any CPU.Build.0 = Debug|Any CPU
		{03768270-9C05-47A5-B62C-B4F430113EE4}.Debug|x64.ActiveCfg = Debug|Any CPU
		{03768270-9C05-47A5-B62C-B4F430113EE4}.Debug|x64.Build.0 = Debug|Any CPU
		{03768270-9C05-47A5-B62C-B4F430113EE4}.Debug|x86.ActiveCfg = Debug|Any CPU
		{03768270-9C05-47A5-B62C-B4F430113EE4}.Debug|x86.Build.0 = Debug|Any CPU
		{03768270-9C05-47A5-B62C-B4F430113EE4}.Release|Any CPU.ActiveCfg = Release|Any CPU
		{03768270-9C05-47A5-B62C-B4F430113EE4}.Release|Any CPU.Build.0 = Release|Any CPU
		{03768270-9C05-47A5-B62C-B4F430113EE4}.Release|x64.ActiveCfg = Release|Any CPU
		{03768270-9C05-47A5-B62C-B4F430113EE4}.Release|x64.Build.0 = Release|Any CPU
		{03768270-9C05-47A5-B62C-B4F430113EE4}.Release|x86.ActiveCfg = Release|Any CPU
		{03768270-9C05-47A5-B62C-B4F430113EE4}.Release|x86.Build.0 = Release|Any CPU
		{01E4123E-A4BF-40F7-BDE1-C7CE4C44F3D8}.Debug|Any CPU.ActiveCfg = Debug|Any CPU
		{01E4123E-A4BF-40F7-BDE1-C7CE4C44F3D8}.Debug|Any CPU.Build.0 = Debug|Any CPU
		{01E4123E-A4BF-40F7-BDE1-C7CE4C44F3D8}.Debug|x64.ActiveCfg = Debug|Any CPU
		{01E4123E-A4BF-40F7-BDE1-C7CE4C44F3D8}.Debug|x64.Build.0 = Debug|Any CPU
		{01E4123E-A4BF-40F7-BDE1-C7CE4C44F3D8}.Debug|x86.ActiveCfg = Debug|Any CPU
		{01E4123E-A4BF-40F7-BDE1-C7CE4C44F3D8}.Debug|x86.Build.0 = Debug|Any CPU
		{01E4123E-A4BF-40F7-BDE1-C7CE4C44F3D8}.Release|Any CPU.ActiveCfg = Release|Any CPU
		{01E4123E-A4BF-40F7-BDE1-C7CE4C44F3D8}.Release|Any CPU.Build.0 = Release|Any CPU
		{01E4123E-A4BF-40F7-BDE1-C7CE4C44F3D8}.Release|x64.ActiveCfg = Release|Any CPU
		{01E4123E-A4BF-40F7-BDE1-C7CE4C44F3D8}.Release|x64.Build.0 = Release|Any CPU
		{01E4123E-A4BF-40F7-BDE1-C7CE4C44F3D8}.Release|x86.ActiveCfg = Release|Any CPU
		{01E4123E-A4BF-40F7-BDE1-C7CE4C44F3D8}.Release|x86.Build.0 = Release|Any CPU
		{62D21F8A-0377-416A-8BC1-6AA6ADBD2B66}.Debug|Any CPU.ActiveCfg = Debug|Any CPU
		{62D21F8A-0377-416A-8BC1-6AA6ADBD2B66}.Debug|Any CPU.Build.0 = Debug|Any CPU
		{62D21F8A-0377-416A-8BC1-6AA6ADBD2B66}.Debug|x64.ActiveCfg = Debug|Any CPU
		{62D21F8A-0377-416A-8BC1-6AA6ADBD2B66}.Debug|x64.Build.0 = Debug|Any CPU
		{62D21F8A-0377-416A-8BC1-6AA6ADBD2B66}.Debug|x86.ActiveCfg = Debug|Any CPU
		{62D21F8A-0377-416A-8BC1-6AA6ADBD2B66}.Debug|x86.Build.0 = Debug|Any CPU
		{62D21F8A-0377-416A-8BC1-6AA6ADBD2B66}.Release|Any CPU.ActiveCfg = Release|Any CPU
		{62D21F8A-0377-416A-8BC1-6AA6ADBD2B66}.Release|Any CPU.Build.0 = Release|Any CPU
		{62D21F8A-0377-416A-8BC1-6AA6ADBD2B66}.Release|x64.ActiveCfg = Release|Any CPU
		{62D21F8A-0377-416A-8BC1-6AA6ADBD2B66}.Release|x64.Build.0 = Release|Any CPU
		{62D21F8A-0377-416A-8BC1-6AA6ADBD2B66}.Release|x86.ActiveCfg = Release|Any CPU
		{62D21F8A-0377-416A-8BC1-6AA6ADBD2B66}.Release|x86.Build.0 = Release|Any CPU
		{D4048E68-1D16-40EA-BCC8-ABFE503DBED4}.Debug|Any CPU.ActiveCfg = Debug|Any CPU
		{D4048E68-1D16-40EA-BCC8-ABFE503DBED4}.Debug|Any CPU.Build.0 = Debug|Any CPU
		{D4048E68-1D16-40EA-BCC8-ABFE503DBED4}.Debug|x64.ActiveCfg = Debug|Any CPU
		{D4048E68-1D16-40EA-BCC8-ABFE503DBED4}.Debug|x64.Build.0 = Debug|Any CPU
		{D4048E68-1D16-40EA-BCC8-ABFE503DBED4}.Debug|x86.ActiveCfg = Debug|Any CPU
		{D4048E68-1D16-40EA-BCC8-ABFE503DBED4}.Debug|x86.Build.0 = Debug|Any CPU
		{D4048E68-1D16-40EA-BCC8-ABFE503DBED4}.Release|Any CPU.ActiveCfg = Release|Any CPU
		{D4048E68-1D16-40EA-BCC8-ABFE503DBED4}.Release|Any CPU.Build.0 = Release|Any CPU
		{D4048E68-1D16-40EA-BCC8-ABFE503DBED4}.Release|x64.ActiveCfg = Release|Any CPU
		{D4048E68-1D16-40EA-BCC8-ABFE503DBED4}.Release|x64.Build.0 = Release|Any CPU
		{D4048E68-1D16-40EA-BCC8-ABFE503DBED4}.Release|x86.ActiveCfg = Release|Any CPU
		{D4048E68-1D16-40EA-BCC8-ABFE503DBED4}.Release|x86.Build.0 = Release|Any CPU
		{101EDBFA-E00B-4E95-A007-06B77A4F1ACE}.Debug|Any CPU.ActiveCfg = Debug|Any CPU
		{101EDBFA-E00B-4E95-A007-06B77A4F1ACE}.Debug|Any CPU.Build.0 = Debug|Any CPU
		{101EDBFA-E00B-4E95-A007-06B77A4F1ACE}.Debug|x64.ActiveCfg = Debug|Any CPU
		{101EDBFA-E00B-4E95-A007-06B77A4F1ACE}.Debug|x64.Build.0 = Debug|Any CPU
		{101EDBFA-E00B-4E95-A007-06B77A4F1ACE}.Debug|x86.ActiveCfg = Debug|Any CPU
		{101EDBFA-E00B-4E95-A007-06B77A4F1ACE}.Debug|x86.Build.0 = Debug|Any CPU
		{101EDBFA-E00B-4E95-A007-06B77A4F1ACE}.Release|Any CPU.ActiveCfg = Release|Any CPU
		{101EDBFA-E00B-4E95-A007-06B77A4F1ACE}.Release|Any CPU.Build.0 = Release|Any CPU
		{101EDBFA-E00B-4E95-A007-06B77A4F1ACE}.Release|x64.ActiveCfg = Release|Any CPU
		{101EDBFA-E00B-4E95-A007-06B77A4F1ACE}.Release|x64.Build.0 = Release|Any CPU
		{101EDBFA-E00B-4E95-A007-06B77A4F1ACE}.Release|x86.ActiveCfg = Release|Any CPU
		{101EDBFA-E00B-4E95-A007-06B77A4F1ACE}.Release|x86.Build.0 = Release|Any CPU
		{2261B7E1-22B8-409A-A420-9906E09891EB}.Debug|Any CPU.ActiveCfg = Debug|Any CPU
		{2261B7E1-22B8-409A-A420-9906E09891EB}.Debug|Any CPU.Build.0 = Debug|Any CPU
		{2261B7E1-22B8-409A-A420-9906E09891EB}.Debug|x64.ActiveCfg = Debug|Any CPU
		{2261B7E1-22B8-409A-A420-9906E09891EB}.Debug|x64.Build.0 = Debug|Any CPU
		{2261B7E1-22B8-409A-A420-9906E09891EB}.Debug|x86.ActiveCfg = Debug|Any CPU
		{2261B7E1-22B8-409A-A420-9906E09891EB}.Debug|x86.Build.0 = Debug|Any CPU
		{2261B7E1-22B8-409A-A420-9906E09891EB}.Release|Any CPU.ActiveCfg = Release|Any CPU
		{2261B7E1-22B8-409A-A420-9906E09891EB}.Release|Any CPU.Build.0 = Release|Any CPU
		{2261B7E1-22B8-409A-A420-9906E09891EB}.Release|x64.ActiveCfg = Release|Any CPU
		{2261B7E1-22B8-409A-A420-9906E09891EB}.Release|x64.Build.0 = Release|Any CPU
		{2261B7E1-22B8-409A-A420-9906E09891EB}.Release|x86.ActiveCfg = Release|Any CPU
		{2261B7E1-22B8-409A-A420-9906E09891EB}.Release|x86.Build.0 = Release|Any CPU
		{3DB7AFAD-BF69-4B9D-AF93-D7EED08623E9}.Debug|Any CPU.ActiveCfg = Debug|Any CPU
		{3DB7AFAD-BF69-4B9D-AF93-D7EED08623E9}.Debug|Any CPU.Build.0 = Debug|Any CPU
		{3DB7AFAD-BF69-4B9D-AF93-D7EED08623E9}.Debug|x64.ActiveCfg = Debug|Any CPU
		{3DB7AFAD-BF69-4B9D-AF93-D7EED08623E9}.Debug|x64.Build.0 = Debug|Any CPU
		{3DB7AFAD-BF69-4B9D-AF93-D7EED08623E9}.Debug|x86.ActiveCfg = Debug|Any CPU
		{3DB7AFAD-BF69-4B9D-AF93-D7EED08623E9}.Debug|x86.Build.0 = Debug|Any CPU
		{3DB7AFAD-BF69-4B9D-AF93-D7EED08623E9}.Release|Any CPU.ActiveCfg = Release|Any CPU
		{3DB7AFAD-BF69-4B9D-AF93-D7EED08623E9}.Release|Any CPU.Build.0 = Release|Any CPU
		{3DB7AFAD-BF69-4B9D-AF93-D7EED08623E9}.Release|x64.ActiveCfg = Release|Any CPU
		{3DB7AFAD-BF69-4B9D-AF93-D7EED08623E9}.Release|x64.Build.0 = Release|Any CPU
		{3DB7AFAD-BF69-4B9D-AF93-D7EED08623E9}.Release|x86.ActiveCfg = Release|Any CPU
		{3DB7AFAD-BF69-4B9D-AF93-D7EED08623E9}.Release|x86.Build.0 = Release|Any CPU
		{CB2CFC47-F835-4612-AD8C-82C7519D1073}.Debug|Any CPU.ActiveCfg = Debug|Any CPU
		{CB2CFC47-F835-4612-AD8C-82C7519D1073}.Debug|Any CPU.Build.0 = Debug|Any CPU
		{CB2CFC47-F835-4612-AD8C-82C7519D1073}.Debug|x64.ActiveCfg = Debug|Any CPU
		{CB2CFC47-F835-4612-AD8C-82C7519D1073}.Debug|x64.Build.0 = Debug|Any CPU
		{CB2CFC47-F835-4612-AD8C-82C7519D1073}.Debug|x86.ActiveCfg = Debug|Any CPU
		{CB2CFC47-F835-4612-AD8C-82C7519D1073}.Debug|x86.Build.0 = Debug|Any CPU
		{CB2CFC47-F835-4612-AD8C-82C7519D1073}.Release|Any CPU.ActiveCfg = Release|Any CPU
		{CB2CFC47-F835-4612-AD8C-82C7519D1073}.Release|Any CPU.Build.0 = Release|Any CPU
		{CB2CFC47-F835-4612-AD8C-82C7519D1073}.Release|x64.ActiveCfg = Release|Any CPU
		{CB2CFC47-F835-4612-AD8C-82C7519D1073}.Release|x64.Build.0 = Release|Any CPU
		{CB2CFC47-F835-4612-AD8C-82C7519D1073}.Release|x86.ActiveCfg = Release|Any CPU
		{CB2CFC47-F835-4612-AD8C-82C7519D1073}.Release|x86.Build.0 = Release|Any CPU
	EndGlobalSection
	GlobalSection(SolutionProperties) = preSolution
		HideSolutionNode = FALSE
	EndGlobalSection
	GlobalSection(NestedProjects) = preSolution
		{03768270-9C05-47A5-B62C-B4F430113EE4} = {317894B3-B2A5-3091-4D7A-C70566F7DE70}
		{01E4123E-A4BF-40F7-BDE1-C7CE4C44F3D8} = {317894B3-B2A5-3091-4D7A-C70566F7DE70}
		{62D21F8A-0377-416A-8BC1-6AA6ADBD2B66} = {ED613771-E936-BDCB-E208-78A56B760E76}
		{D4048E68-1D16-40EA-BCC8-ABFE503DBED4} = {ED613771-E936-BDCB-E208-78A56B760E76}
		{101EDBFA-E00B-4E95-A007-06B77A4F1ACE} = {6EDC7094-E22D-CF10-605B-B42C7FB8B0A8}
		{2261B7E1-22B8-409A-A420-9906E09891EB} = {02EA681E-C7D8-13C7-8484-4AC65E1B71E8}
		{3DB7AFAD-BF69-4B9D-AF93-D7EED08623E9} = {13FEC6B9-0A02-4969-BA9A-69D80081E98A}
		{CB2CFC47-F835-4612-AD8C-82C7519D1073} = {02EA681E-C7D8-13C7-8484-4AC65E1B71E8}
	EndGlobalSection
	GlobalSection(ExtensibilityGlobals) = postSolution
		SolutionGuid = {9C4EF39D-F57B-4B57-89D1-162022989B11}
	EndGlobalSection
EndGlobal
